
Microsoft Visual Studio Solution File, Format Version 12.00
# Visual Studio Version 17
VisualStudioVersion = 17.4.33110.190
MinimumVisualStudioVersion = 10.0.40219.1
Project("{FAE04EC0-301F-11D3-BF4B-00C04F79EFBC}") = "StorageQueue", "StorageQueue\StorageQueue.csproj", "{9BAACB97-8F68-43BF-977B-0FBD657549D3}"
EndProject
Global
	GlobalSection(SolutionConfigurationPlatforms) = preSolution
		Debug|Any CPU = Debug|Any CPU
		Release|Any CPU = Release|Any CPU
	EndGlobalSection
	GlobalSection(ProjectConfigurationPlatforms) = postSolution
		{9BAACB97-8F68-43BF-977B-0FBD657549D3}.Debug|Any CPU.ActiveCfg = Debug|Any CPU
		{9BAACB97-8F68-43BF-977B-0FBD657549D3}.Debug|Any CPU.Build.0 = Debug|Any CPU
		{9BAACB97-8F68-43BF-977B-0FBD657549D3}.Release|Any CPU.ActiveCfg = Release|Any CPU
		{9BAACB97-8F68-43BF-977B-0FBD657549D3}.Release|Any CPU.Build.0 = Release|Any CPU
	EndGlobalSection
	GlobalSection(SolutionProperties) = preSolution
		HideSolutionNode = FALSE
	EndGlobalSection
	GlobalSection(ExtensibilityGlobals) = postSolution
		SolutionGuid = {C656E3BA-E175-4BAE-A78A-2C44FA15B16E}
	EndGlobalSection
EndGlobal
